# This file is generated by running "yarn install" inside your project.
# Manual changes might be lost - proceed with caution!

__metadata:
  version: 6
  cacheKey: 8

"@emmettsdomain/eve-a@workspace:packages/a":
  version: 0.0.0-use.local
  resolution: "@emmettsdomain/eve-a@workspace:packages/a"
  dependencies:
    "@types/node": 18
  languageName: unknown
  linkType: soft

"@emmettsdomain/eve-b@workspace:packages/b":
  version: 0.0.0-use.local
  resolution: "@emmettsdomain/eve-b@workspace:packages/b"
  dependencies:
    "@types/node": 18
  languageName: unknown
  linkType: soft

"@emmettsdomain/eve@workspace:.":
  version: 0.0.0-use.local
  resolution: "@emmettsdomain/eve@workspace:."
  dependencies:
    typescript: ^4.8.2
  languageName: unknown
  linkType: soft

"@types/node@npm:18":
  version: 18.7.14
  resolution: "@types/node@npm:18.7.14"
  checksum: 99cf28ff854100158de875cca23c7acc3cc01dfee526a52b90b7f36767c821bcbaf2be0a98a70f06f3b78f3c60639168ff949d725b61e2e124f9f71f1fb8043d
  languageName: node
  linkType: hard

"typescript@npm:^4.8.2":
  version: 4.8.2
  resolution: "typescript@npm:4.8.2"
  bin:
    tsc: bin/tsc
    tsserver: bin/tsserver
  checksum: 7f5b81d0d558c9067f952c7af52ab7f19c2e70a916817929e4a5b256c93990bf3178eccb1ac8a850bc75df35f6781b6f4cb3370ce20d8b1ded92ed462348f628
  languageName: node
  linkType: hard

"typescript@patch:typescript@^4.8.2#~builtin<compat/typescript>":
  version: 4.8.2
  resolution: "typescript@patch:typescript@npm%3A4.8.2#~builtin<compat/typescript>::version=4.8.2&hash=a1c5e5"
  bin:
    tsc: bin/tsc
    tsserver: bin/tsserver
  checksum: 5cb0f02f414f5405f4b0e7ee1fd7fa9177b6a8783c9017b6cad85f56ce4c4f93e0e6f2ce37e863cb597d44227cd009474c9fbd85bf7a50004e5557426cb58079
  languageName: node
  linkType: hard
